
Microsoft Visual Studio Solution File, Format Version 12.00
# Visual Studio 15
VisualStudioVersion = 15.0.28307.572
MinimumVisualStudioVersion = 10.0.40219.1
Project("{FAE04EC0-301F-11D3-BF4B-00C04F79EFBC}") = "ShivteiYisroelWeb", "ShivteiYisroelWeb\ShivteiYisroelWeb.csproj", "{6DE1938C-BF21-4433-B9D7-234C0B188228}"
EndProject
Global
	GlobalSection(SolutionConfigurationPlatforms) = preSolution
		Debug|Any CPU = Debug|Any CPU
		Release|Any CPU = Release|Any CPU
	EndGlobalSection
	GlobalSection(ProjectConfigurationPlatforms) = postSolution
		{6DE1938C-BF21-4433-B9D7-234C0B188228}.Debug|Any CPU.ActiveCfg = Debug|Any CPU
		{6DE1938C-BF21-4433-B9D7-234C0B188228}.Debug|Any CPU.Build.0 = Debug|Any CPU
		{6DE1938C-BF21-4433-B9D7-234C0B188228}.Release|Any CPU.ActiveCfg = Release|Any CPU
		{6DE1938C-BF21-4433-B9D7-234C0B188228}.Release|Any CPU.Build.0 = Release|Any CPU
	EndGlobalSection
	GlobalSection(SolutionProperties) = preSolution
		HideSolutionNode = FALSE
	EndGlobalSection
	GlobalSection(ExtensibilityGlobals) = postSolution
		SolutionGuid = {48056D8C-2B38-4F4D-AFA2-0B7F13C97125}
	EndGlobalSection
EndGlobal
